// !$*UTF8*$!
{
	archiveVersion = 1;
	classes = {
	};
	objectVersion = 77;
	objects = {

/* Begin PBXBuildFile section */
		BB001A012F58B0DD0054D9E3 /* isrg_root_x1.der in Resources */ = {isa = PBXBuildFile; fileRef = BB001A002F58B0DD0054D9E3 /* isrg_root_x1.der */; };
		BB3F4A012F58B0DD0054D9E3 /* AccessibilityIdentifiers.swift in Sources */ = {isa = PBXBuildFile; fileRef = BB3F4A002F58B0DD0054D9E3 /* AccessibilityIdentifiers.swift */; };
/* End PBXBuildFile section */

/* Begin PBXContainerItemProxy section */
		4F973EA02F58B0DF0054D9E3 /* PBXContainerItemProxy */ = {
			isa = PBXContainerItemProxy;
			containerPortal = 4F973E862F58B0DD0054D9E3 /* Project object */;
			proxyType = 1;
			remoteGlobalIDString = 4F973E8D2F58B0DD0054D9E3;
			remoteInfo = zoe;
		};
		4F973EAA2F58B0E00054D9E3 /* PBXContainerItemProxy */ = {
			isa = PBXContainerItemProxy;
			containerPortal = 4F973E862F58B0DD0054D9E3 /* Project object */;
			proxyType = 1;
			remoteGlobalIDString = 4F973E8D2F58B0DD0054D9E3;
			remoteInfo = zoe;
		};
/* End PBXContainerItemProxy section */

/* Begin PBXFileReference section */
		4F973E8E2F58B0DD0054D9E3 /* zoe.app */ = {isa = PBXFileReference; explicitFileType = wrapper.application; includeInIndex = 0; path = zoe.app; sourceTree = BUILT_PRODUCTS_DIR; };
		4F973E9F2F58B0DF0054D9E3 /* zoeTests.xctest */ = {isa = PBXFileReference; explicitFileType = wrapper.cfbundle; includeInIndex = 0; path = zoeTests.xctest; sourceTree = BUILT_PRODUCTS_DIR; };
		4F973EA92F58B0E00054D9E3 /* zoeUITests.xctest */ = {isa = PBXFileReference; explicitFileType = wrapper.cfbundle; includeInIndex = 0; path = zoeUITests.xctest; sourceTree = BUILT_PRODUCTS_DIR; };
		BB001A002F58B0DD0054D9E3 /* isrg_root_x1.der */ = {isa = PBXFileReference; lastKnownFileType = file; name = isrg_root_x1.der; path = Zoe/Networking/PinnedCertificates/isrg_root_x1.der; sourceTree = "<group>"; };
		BB3F4A002F58B0DD0054D9E3 /* AccessibilityIdentifiers.swift */ = {isa = PBXFileReference; lastKnownFileType = sourcecode.swift; name = AccessibilityIdentifiers.swift; path = Zoe/Core/Accessibility/AccessibilityIdentifiers.swift; sourceTree = "<group>"; };
/* End PBXFileReference section */

/* Begin PBXFileSystemSynchronizedBuildFileExceptionSet section */
		4F973EB12F58B0E00054D9E3 /* Exceptions for "Zoe" folder in "zoe" target */ = {
			isa = PBXFileSystemSynchronizedBuildFileExceptionSet;
			membershipExceptions = (
				Info.plist,
			);
			target = 4F973E8D2F58B0DD0054D9E3 /* zoe */;
		};
/* End PBXFileSystemSynchronizedBuildFileExceptionSet section */

/* Begin PBXFileSystemSynchronizedRootGroup section */
		4F973E902F58B0DD0054D9E3 /* Zoe */ = {
			isa = PBXFileSystemSynchronizedRootGroup;
			exceptions = (
				4F973EB12F58B0E00054D9E3 /* Exceptions for "Zoe" folder in "zoe" target */,
			);
			path = Zoe;
			sourceTree = "<group>";
		};
		4F973EA22F58B0DF0054D9E3 /* ZoeTests */ = {
			isa = PBXFileSystemSynchronizedRootGroup;
			path = ZoeTests;
			sourceTree = "<group>";
		};
		4F973EAC2F58B0E00054D9E3 /* ZoeUITests */ = {
			isa = PBXFileSystemSynchronizedRootGroup;
			path = ZoeUITests;
			sourceTree = "<group>";
		};
/* End PBXFileSystemSynchronizedRootGroup section */

/* Begin PBXFrameworksBuildPhase section */
		4F973E8B2F58B0DD0054D9E3 /* Frameworks */ = {
			isa = PBXFrameworksBuildPhase;
			buildActionMask = 2147483647;
			files = (
			);
			runOnlyForDeploymentPostprocessing = 0;
		};
		4F973E9C2F58B0DF0054D9E3 /* Frameworks */ = {
			isa = PBXFrameworksBuildPhase;
			buildActionMask = 2147483647;
			files = (
			);
			runOnlyForDeploymentPostprocessing = 0;
		};
		4F973EA62F58B0E00054D9E3 /* Frameworks */ = {
			isa = PBXFrameworksBuildPhase;
			buildActionMask = 2147483647;
			files = (
			);
			runOnlyForDeploymentPostprocessing = 0;
		};
/* End PBXFrameworksBuildPhase section */

/* Begin PBXGroup section */
		4F6980262F616D07008ED09E /* Recovered References */ = {
			isa = PBXGroup;
			children = (
				BB001A002F58B0DD0054D9E3 /* isrg_root_x1.der */,
				BB3F4A002F58B0DD0054D9E3 /* AccessibilityIdentifiers.swift */,
			);
			name = "Recovered References";
			sourceTree = "<group>";
		};
		4F973E852F58B0DD0054D9E3 = {
			isa = PBXGroup;
			children = (
				4F973E902F58B0DD0054D9E3 /* Zoe */,
				4F973EA22F58B0DF0054D9E3 /* ZoeTests */,
				4F973EAC2F58B0E00054D9E3 /* ZoeUITests */,
				4F973E8F2F58B0DD0054D9E3 /* Products */,
				4F6980262F616D07008ED09E /* Recovered References */,
			);
			sourceTree = "<group>";
		};
		4F973E8F2F58B0DD0054D9E3 /* Products */ = {
			isa = PBXGroup;
			children = (
				4F973E8E2F58B0DD0054D9E3 /* zoe.app */,
				4F973E9F2F58B0DF0054D9E3 /* zoeTests.xctest */,
				4F973EA92F58B0E00054D9E3 /* zoeUITests.xctest */,
			);
			name = Products;
			sourceTree = "<group>";
		};
/* End PBXGroup section */

/* Begin PBXNativeTarget section */
		4F973E8D2F58B0DD0054D9E3 /* zoe */ = {
			isa = PBXNativeTarget;
			buildConfigurationList = 4F973EB22F58B0E00054D9E3 /* Build configuration list for PBXNativeTarget "zoe" */;
			buildPhases = (
				4F973E8A2F58B0DD0054D9E3 /* Sources */,
				4F973E8B2F58B0DD0054D9E3 /* Frameworks */,
				4F973E8C2F58B0DD0054D9E3 /* Resources */,
			);
			buildRules = (
			);
			dependencies = (
			);
			fileSystemSynchronizedGroups = (
				4F973E902F58B0DD0054D9E3 /* Zoe */,
			);
			name = zoe;
			packageProductDependencies = (
			);
			productName = zoe;
			productReference = 4F973E8E2F58B0DD0054D9E3 /* zoe.app */;
			productType = "com.apple.product-type.application";
		};
		4F973E9E2F58B0DF0054D9E3 /* zoeTests */ = {
			isa = PBXNativeTarget;
			buildConfigurationList = 4F973EB72F58B0E00054D9E3 /* Build configuration list for PBXNativeTarget "zoeTests" */;
			buildPhases = (
				4F973E9B2F58B0DF0054D9E3 /* Sources */,
				4F973E9C2F58B0DF0054D9E3 /* Frameworks */,
				4F973E9D2F58B0DF0054D9E3 /* Resources */,
			);
			buildRules = (
			);
			dependencies = (
				4F973EA12F58B0DF0054D9E3 /* PBXTargetDependency */,
			);
			fileSystemSynchronizedGroups = (
				4F973EA22F58B0DF0054D9E3 /* ZoeTests */,
			);
			name = zoeTests;
			packageProductDependencies = (
			);
			productName = zoeTests;
			productReference = 4F973E9F2F58B0DF0054D9E3 /* zoeTests.xctest */;
			productType = "com.apple.product-type.bundle.unit-test";
		};
		4F973EA82F58B0E00054D9E3 /* zoeUITests */ = {
			isa = PBXNativeTarget;
			buildConfigurationList = 4F973EBA2F58B0E00054D9E3 /* Build configuration list for PBXNativeTarget "zoeUITests" */;
			buildPhases = (
				4F973EA52F58B0E00054D9E3 /* Sources */,
				4F973EA62F58B0E00054D9E3 /* Frameworks */,
				4F973EA72F58B0E00054D9E3 /* Resources */,
			);
			buildRules = (
			);
			dependencies = (
				4F973EAB2F58B0E00054D9E3 /* PBXTargetDependency */,
			);
			fileSystemSynchronizedGroups = (
				4F973EAC2F58B0E00054D9E3 /* ZoeUITests */,
			);
			name = zoeUITests;
			packageProductDependencies = (
			);
			productName = zoeUITests;
			productReference = 4F973EA92F58B0E00054D9E3 /* zoeUITests.xctest */;
			productType = "com.apple.product-type.bundle.ui-testing";
		};
/* End PBXNativeTarget section */

/* Begin PBXProject section */
		4F973E862F58B0DD0054D9E3 /* Project object */ = {
			isa = PBXProject;
			attributes = {
				BuildIndependentTargetsInParallel = 1;
				LastSwiftUpdateCheck = 2630;
				LastUpgradeCheck = 2630;
				TargetAttributes = {
					4F973E8D2F58B0DD0054D9E3 = {
						CreatedOnToolsVersion = 26.3;
					};
					4F973E9E2F58B0DF0054D9E3 = {
						CreatedOnToolsVersion = 26.3;
						TestTargetID = 4F973E8D2F58B0DD0054D9E3;
					};
					4F973EA82F58B0E00054D9E3 = {
						CreatedOnToolsVersion = 26.3;
						TestTargetID = 4F973E8D2F58B0DD0054D9E3;
					};
				};
			};
			buildConfigurationList = 4F973E892F58B0DD0054D9E3 /* Build configuration list for PBXProject "Zoe" */;
			developmentRegion = en;
			hasScannedForEncodings = 0;
			knownRegions = (
				en,
				Base,
			);
			mainGroup = 4F973E852F58B0DD0054D9E3;
			minimizedProjectReferenceProxies = 1;
			packageReferences = (
			);
			preferredProjectObjectVersion = 77;
			productRefGroup = 4F973E8F2F58B0DD0054D9E3 /* Products */;
			projectDirPath = "";
			projectRoot = "";
			targets = (
				4F973E8D2F58B0DD0054D9E3 /* zoe */,
				4F973E9E2F58B0DF0054D9E3 /* zoeTests */,
				4F973EA82F58B0E00054D9E3 /* zoeUITests */,
			);
		};
/* End PBXProject section */

/* Begin PBXResourcesBuildPhase section */
		4F973E8C2F58B0DD0054D9E3 /* Resources */ = {
			isa = PBXResourcesBuildPhase;
			buildActionMask = 2147483647;
			files = (
			);
			runOnlyForDeploymentPostprocessing = 0;
		};
		4F973E9D2F58B0DF0054D9E3 /* Resources */ = {
			isa = PBXResourcesBuildPhase;
			buildActionMask = 2147483647;
			files = (
				BB001A012F58B0DD0054D9E3 /* isrg_root_x1.der in Resources */,
			);
			runOnlyForDeploymentPostprocessing = 0;
		};
		4F973EA72F58B0E00054D9E3 /* Resources */ = {
			isa = PBXResourcesBuildPhase;
			buildActionMask = 2147483647;
			files = (
			);
			runOnlyForDeploymentPostprocessing = 0;
		};
/* End PBXResourcesBuildPhase section */

/* Begin PBXSourcesBuildPhase section */
		4F973E8A2F58B0DD0054D9E3 /* Sources */ = {
			isa = PBXSourcesBuildPhase;
			buildActionMask = 2147483647;
			files = (
			);
			runOnlyForDeploymentPostprocessing = 0;
		};
		4F973E9B2F58B0DF0054D9E3 /* Sources */ = {
			isa = PBXSourcesBuildPhase;
			buildActionMask = 2147483647;
			files = (
			);
			runOnlyForDeploymentPostprocessing = 0;
		};
		4F973EA52F58B0E00054D9E3 /* Sources */ = {
			isa = PBXSourcesBuildPhase;
			buildActionMask = 2147483647;
			files = (
				BB3F4A012F58B0DD0054D9E3 /* AccessibilityIdentifiers.swift in Sources */,
			);
			runOnlyForDeploymentPostprocessing = 0;
		};
/* End PBXSourcesBuildPhase section */

/* Begin PBXTargetDependency section */
		4F973EA12F58B0DF0054D9E3 /* PBXTargetDependency */ = {
			isa = PBXTargetDependency;
			target = 4F973E8D2F58B0DD0054D9E3 /* zoe */;
			targetProxy = 4F973EA02F58B0DF0054D9E3 /* PBXContainerItemProxy */;
		};
		4F973EAB2F58B0E00054D9E3 /* PBXTargetDependency */ = {
			isa = PBXTargetDependency;
			target = 4F973E8D2F58B0DD0054D9E3 /* zoe */;
			targetProxy = 4F973EAA2F58B0E00054D9E3 /* PBXContainerItemProxy */;
		};
/* End PBXTargetDependency section */

/* Begin XCBuildConfiguration section */
		4F973EB32F58B0E00054D9E3 /* Debug */ = {
			isa = XCBuildConfiguration;
			buildSettings = {
				ASSETCATALOG_COMPILER_APPICON_NAME = AppIcon;
				ASSETCATALOG_COMPILER_GLOBAL_ACCENT_COLOR_NAME = AccentColor;
				CODE_SIGN_ENTITLEMENTS = Zoe/zoe.entitlements;
				CODE_SIGN_STYLE = Automatic;
				CURRENT_PROJECT_VERSION = 1;
				DEVELOPMENT_TEAM = KLKLGYZVPW;
				ENABLE_PREVIEWS = YES;
				GENERATE_INFOPLIST_FILE = YES;
				INFOPLIST_FILE = Zoe/Info.plist;
				INFOPLIST_KEY_UIApplicationSceneManifest_Generation = YES;
				INFOPLIST_KEY_UIApplicationSupportsIndirectInputEvents = YES;
				INFOPLIST_KEY_UILaunchScreen_Generation = YES;
				INFOPLIST_KEY_UISupportedInterfaceOrientations_iPad = "UIInterfaceOrientationPortrait UIInterfaceOrientationPortraitUpsideDown UIInterfaceOrientationLandscapeLeft UIInterfaceOrientationLandscapeRight";
				INFOPLIST_KEY_UISupportedInterfaceOrientations_iPhone = "UIInterfaceOrientationPortrait UIInterfaceOrientationLandscapeLeft UIInterfaceOrientationLandscapeRight";
				LD_RUNPATH_SEARCH_PATHS = (
					"$(inherited)",
					"@executable_path/Frameworks",
				);
				MARKETING_VERSION = 1.0;
				PRODUCT_BUNDLE_IDENTIFIER = com.codelabs.zoe;
				PRODUCT_NAME = "$(TARGET_NAME)";
				STRING_CATALOG_GENERATE_SYMBOLS = YES;
				SWIFT_APPROACHABLE_CONCURRENCY = YES;
				SWIFT_DEFAULT_ACTOR_ISOLATION = MainActor;
				SWIFT_EMIT_LOC_STRINGS = YES;
				SWIFT_STRICT_CONCURRENCY = complete;
				SWIFT_UPCOMING_FEATURE_MEMBER_IMPORT_VISIBILITY = YES;
				SWIFT_VERSION = 6.2;
				TARGETED_DEVICE_FAMILY = "1,2";
			};
			name = Debug;
		};
		4F973EB42F58B0E00054D9E3 /* Release */ = {
			isa = XCBuildConfiguration;
			buildSettings = {
				ASSETCATALOG_COMPILER_APPICON_NAME = AppIcon;
				ASSETCATALOG_COMPILER_GLOBAL_ACCENT_COLOR_NAME = AccentColor;
				CODE_SIGN_ENTITLEMENTS = Zoe/zoe.entitlements;
				CODE_SIGN_STYLE = Automatic;
				CURRENT_PROJECT_VERSION = 1;
				DEVELOPMENT_TEAM = KLKLGYZVPW;
				ENABLE_PREVIEWS = YES;
				GENERATE_INFOPLIST_FILE = YES;
				INFOPLIST_FILE = Zoe/Info.plist;
				INFOPLIST_KEY_UIApplicationSceneManifest_Generation = YES;
				INFOPLIST_KEY_UIApplicationSupportsIndirectInputEvents = YES;
				INFOPLIST_KEY_UILaunchScreen_Generation = YES;
				INFOPLIST_KEY_UISupportedInterfaceOrientations_iPad = "UIInterfaceOrientationPortrait UIInterfaceOrientationPortraitUpsideDown UIInterfaceOrientationLandscapeLeft UIInterfaceOrientationLandscapeRight";
				INFOPLIST_KEY_UISupportedInterfaceOrientations_iPhone = "UIInterfaceOrientationPortrait UIInterfaceOrientationLandscapeLeft UIInterfaceOrientationLandscapeRight";
				LD_RUNPATH_SEARCH_PATHS = (
					"$(inherited)",
					"@executable_path/Frameworks",
				);
				MARKETING_VERSION = 1.0;
				PRODUCT_BUNDLE_IDENTIFIER = com.codelabs.zoe;
				PRODUCT_NAME = "$(TARGET_NAME)";
				STRING_CATALOG_GENERATE_SYMBOLS = YES;
				SWIFT_APPROACHABLE_CONCURRENCY = YES;
				SWIFT_DEFAULT_ACTOR_ISOLATION = MainActor;
				SWIFT_EMIT_LOC_STRINGS = YES;
				SWIFT_STRICT_CONCURRENCY = complete;
				SWIFT_UPCOMING_FEATURE_MEMBER_IMPORT_VISIBILITY = YES;
				SWIFT_VERSION = 6.2;
				TARGETED_DEVICE_FAMILY = "1,2";
			};
			name = Release;
		};
		4F973EB52F58B0E00054D9E3 /* Debug */ = {
			isa = XCBuildConfiguration;
			buildSettings = {
				ALWAYS_SEARCH_USER_PATHS = NO;
				ASSETCATALOG_COMPILER_GENERATE_SWIFT_ASSET_SYMBOL_EXTENSIONS = YES;
				CLANG_ANALYZER_NONNULL = YES;
				CLANG_ANALYZER_NUMBER_OBJECT_CONVERSION = YES_AGGRESSIVE;
				CLANG_CXX_LANGUAGE_STANDARD = "gnu++20";
				CLANG_ENABLE_MODULES = YES;
				CLANG_ENABLE_OBJC_ARC = YES;
				CLANG_ENABLE_OBJC_WEAK = YES;
				CLANG_WARN_BLOCK_CAPTURE_AUTORELEASING = YES;
				CLANG_WARN_BOOL_CONVERSION = YES;
				CLANG_WARN_COMMA = YES;
				CLANG_WARN_CONSTANT_CONVERSION = YES;
				CLANG_WARN_DEPRECATED_OBJC_IMPLEMENTATIONS = YES;
				CLANG_WARN_DIRECT_OBJC_ISA_USAGE = YES_ERROR;
				CLANG_WARN_DOCUMENTATION_COMMENTS = YES;
				CLANG_WARN_EMPTY_BODY = YES;
				CLANG_WARN_ENUM_CONVERSION = YES;
				CLANG_WARN_INFINITE_RECURSION = YES;
				CLANG_WARN_INT_CONVERSION = YES;
				CLANG_WARN_NON_LITERAL_NULL_CONVERSION = YES;
				CLANG_WARN_OBJC_IMPLICIT_RETAIN_SELF = YES;
				CLANG_WARN_OBJC_LITERAL_CONVERSION = YES;
				CLANG_WARN_OBJC_ROOT_CLASS = YES_ERROR;
				CLANG_WARN_QUOTED_INCLUDE_IN_FRAMEWORK_HEADER = YES;
				CLANG_WARN_RANGE_LOOP_ANALYSIS = YES;
				CLANG_WARN_STRICT_PROTOTYPES = YES;
				CLANG_WARN_SUSPICIOUS_MOVE = YES;
				CLANG_WARN_UNGUARDED_AVAILABILITY = YES_AGGRESSIVE;
				CLANG_WARN_UNREACHABLE_CODE = YES;
				CLANG_WARN__DUPLICATE_METHOD_MATCH = YES;
				COPY_PHASE_STRIP = NO;
				DEBUG_INFORMATION_FORMAT = dwarf;
				DEVELOPMENT_TEAM = CPGZ4KHYHS;
				ENABLE_STRICT_OBJC_MSGSEND = YES;
				ENABLE_TESTABILITY = YES;
				ENABLE_USER_SCRIPT_SANDBOXING = YES;
				GCC_C_LANGUAGE_STANDARD = gnu17;
				GCC_DYNAMIC_NO_PIC = NO;
				GCC_NO_COMMON_BLOCKS = YES;
				GCC_OPTIMIZATION_LEVEL = 0;
				GCC_PREPROCESSOR_DEFINITIONS = (
					"DEBUG=1",
					"$(inherited)",
				);
				GCC_WARN_64_TO_32_BIT_CONVERSION = YES;
				GCC_WARN_ABOUT_RETURN_TYPE = YES_ERROR;
				GCC_WARN_UNDECLARED_SELECTOR = YES;
				GCC_WARN_UNINITIALIZED_AUTOS = YES_AGGRESSIVE;
				GCC_WARN_UNUSED_FUNCTION = YES;
				GCC_WARN_UNUSED_VARIABLE = YES;
				IPHONEOS_DEPLOYMENT_TARGET = 26.2;
				LOCALIZATION_PREFERS_STRING_CATALOGS = YES;
				MTL_ENABLE_DEBUG_INFO = INCLUDE_SOURCE;
				MTL_FAST_MATH = YES;
				ONLY_ACTIVE_ARCH = YES;
				SDKROOT = iphoneos;
				SWIFT_ACTIVE_COMPILATION_CONDITIONS = "DEBUG $(inherited)";
				SWIFT_OPTIMIZATION_LEVEL = "-Onone";
			};
			name = Debug;
		};
		4F973EB62F58B0E00054D9E3 /* Release */ = {
			isa = XCBuildConfiguration;
			buildSettings = {
				ALWAYS_SEARCH_USER_PATHS = NO;
				ASSETCATALOG_COMPILER_GENERATE_SWIFT_ASSET_SYMBOL_EXTENSIONS = YES;
				CLANG_ANALYZER_NONNULL = YES;
				CLANG_ANALYZER_NUMBER_OBJECT_CONVERSION = YES_AGGRESSIVE;
				CLANG_CXX_LANGUAGE_STANDARD = "gnu++20";
				CLANG_ENABLE_MODULES = YES;
				CLANG_ENABLE_OBJC_ARC = YES;
				CLANG_ENABLE_OBJC_WEAK = YES;
				CLANG_WARN_BLOCK_CAPTURE_AUTORELEASING = YES;
				CLANG_WARN_BOOL_CONVERSION = YES;
				CLANG_WARN_COMMA = YES;
				CLANG_WARN_CONSTANT_CONVERSION = YES;
				CLANG_WARN_DEPRECATED_OBJC_IMPLEMENTATIONS = YES;
				CLANG_WARN_DIRECT_OBJC_ISA_USAGE = YES_ERROR;
				CLANG_WARN_DOCUMENTATION_COMMENTS = YES;
				CLANG_WARN_EMPTY_BODY = YES;
				CLANG_WARN_ENUM_CONVERSION = YES;
				CLANG_WARN_INFINITE_RECURSION = YES;
				CLANG_WARN_INT_CONVERSION = YES;
				CLANG_WARN_NON_LITERAL_NULL_CONVERSION = YES;
				CLANG_WARN_OBJC_IMPLICIT_RETAIN_SELF = YES;
				CLANG_WARN_OBJC_LITERAL_CONVERSION = YES;
				CLANG_WARN_OBJC_ROOT_CLASS = YES_ERROR;
				CLANG_WARN_QUOTED_INCLUDE_IN_FRAMEWORK_HEADER = YES;
				CLANG_WARN_RANGE_LOOP_ANALYSIS = YES;
				CLANG_WARN_STRICT_PROTOTYPES = YES;
				CLANG_WARN_SUSPICIOUS_MOVE = YES;
				CLANG_WARN_UNGUARDED_AVAILABILITY = YES_AGGRESSIVE;
				CLANG_WARN_UNREACHABLE_CODE = YES;
				CLANG_WARN__DUPLICATE_METHOD_MATCH = YES;
				COPY_PHASE_STRIP = NO;
				DEBUG_INFORMATION_FORMAT = "dwarf-with-dsym";
				DEVELOPMENT_TEAM = CPGZ4KHYHS;
				ENABLE_NS_ASSERTIONS = NO;
				ENABLE_STRICT_OBJC_MSGSEND = YES;
				ENABLE_USER_SCRIPT_SANDBOXING = YES;
				GCC_C_LANGUAGE_STANDARD = gnu17;
				GCC_NO_COMMON_BLOCKS = YES;
				GCC_WARN_64_TO_32_BIT_CONVERSION = YES;
				GCC_WARN_ABOUT_RETURN_TYPE = YES_ERROR;
				GCC_WARN_UNDECLARED_SELECTOR = YES;
				GCC_WARN_UNINITIALIZED_AUTOS = YES_AGGRESSIVE;
				GCC_WARN_UNUSED_FUNCTION = YES;
				GCC_WARN_UNUSED_VARIABLE = YES;
				IPHONEOS_DEPLOYMENT_TARGET = 26.2;
				LOCALIZATION_PREFERS_STRING_CATALOGS = YES;
				MTL_ENABLE_DEBUG_INFO = NO;
				MTL_FAST_MATH = YES;
				SDKROOT = iphoneos;
				SWIFT_COMPILATION_MODE = wholemodule;
				VALIDATE_PRODUCT = YES;
			};
			name = Release;
		};
		4F973EB82F58B0E00054D9E3 /* Debug */ = {
			isa = XCBuildConfiguration;
			buildSettings = {
				BUNDLE_LOADER = "$(TEST_HOST)";
				CODE_SIGN_STYLE = Automatic;
				CURRENT_PROJECT_VERSION = 1;
				DEVELOPMENT_TEAM = KLKLGYZVPW;
				GENERATE_INFOPLIST_FILE = YES;
				IPHONEOS_DEPLOYMENT_TARGET = 26.2;
				MARKETING_VERSION = 1.0;
				PRODUCT_BUNDLE_IDENTIFIER = com.codelabs.zoeTests;
				PRODUCT_NAME = "$(TARGET_NAME)";
				STRING_CATALOG_GENERATE_SYMBOLS = NO;
				SWIFT_APPROACHABLE_CONCURRENCY = YES;
				SWIFT_EMIT_LOC_STRINGS = NO;
				SWIFT_UPCOMING_FEATURE_MEMBER_IMPORT_VISIBILITY = YES;
				SWIFT_VERSION = 6.2;
				TARGETED_DEVICE_FAMILY = "1,2";
				TEST_HOST = "$(BUILT_PRODUCTS_DIR)/zoe.app/$(BUNDLE_EXECUTABLE_FOLDER_PATH)/zoe";
			};
			name = Debug;
		};
		4F973EB92F58B0E00054D9E3 /* Release */ = {
			isa = XCBuildConfiguration;
			buildSettings = {
				BUNDLE_LOADER = "$(TEST_HOST)";
				CODE_SIGN_STYLE = Automatic;
				CURRENT_PROJECT_VERSION = 1;
				DEVELOPMENT_TEAM = KLKLGYZVPW;
				GENERATE_INFOPLIST_FILE = YES;
				IPHONEOS_DEPLOYMENT_TARGET = 26.2;
				MARKETING_VERSION = 1.0;
				PRODUCT_BUNDLE_IDENTIFIER = com.codelabs.zoeTests;
				PRODUCT_NAME = "$(TARGET_NAME)";
				STRING_CATALOG_GENERATE_SYMBOLS = NO;
				SWIFT_APPROACHABLE_CONCURRENCY = YES;
				SWIFT_EMIT_LOC_STRINGS = NO;
				SWIFT_UPCOMING_FEATURE_MEMBER_IMPORT_VISIBILITY = YES;
				SWIFT_VERSION = 6.2;
				TARGETED_DEVICE_FAMILY = "1,2";
				TEST_HOST = "$(BUILT_PRODUCTS_DIR)/zoe.app/$(BUNDLE_EXECUTABLE_FOLDER_PATH)/zoe";
			};
			name = Release;
		};
		4F973EBB2F58B0E00054D9E3 /* Debug */ = {
			isa = XCBuildConfiguration;
			buildSettings = {
				CODE_SIGN_STYLE = Automatic;
				CURRENT_PROJECT_VERSION = 1;
				DEVELOPMENT_TEAM = KLKLGYZVPW;
				GENERATE_INFOPLIST_FILE = YES;
				MARKETING_VERSION = 1.0;
				PRODUCT_BUNDLE_IDENTIFIER = com.codelabs.zoeUITests;
				PRODUCT_NAME = "$(TARGET_NAME)";
				STRING_CATALOG_GENERATE_SYMBOLS = NO;
				SWIFT_APPROACHABLE_CONCURRENCY = YES;
				SWIFT_EMIT_LOC_STRINGS = NO;
				SWIFT_UPCOMING_FEATURE_MEMBER_IMPORT_VISIBILITY = YES;
				SWIFT_VERSION = 6.2;
				TARGETED_DEVICE_FAMILY = "1,2";
				TEST_TARGET_NAME = zoe;
			};
			name = Debug;
		};
		4F973EBC2F58B0E00054D9E3 /* Release */ = {
			isa = XCBuildConfiguration;
			buildSettings = {
				CODE_SIGN_STYLE = Automatic;
				CURRENT_PROJECT_VERSION = 1;
				DEVELOPMENT_TEAM = KLKLGYZVPW;
				GENERATE_INFOPLIST_FILE = YES;
				MARKETING_VERSION = 1.0;
				PRODUCT_BUNDLE_IDENTIFIER = com.codelabs.zoeUITests;
				PRODUCT_NAME = "$(TARGET_NAME)";
				STRING_CATALOG_GENERATE_SYMBOLS = NO;
				SWIFT_APPROACHABLE_CONCURRENCY = YES;
				SWIFT_EMIT_LOC_STRINGS = NO;
				SWIFT_UPCOMING_FEATURE_MEMBER_IMPORT_VISIBILITY = YES;
				SWIFT_VERSION = 6.2;
				TARGETED_DEVICE_FAMILY = "1,2";
				TEST_TARGET_NAME = zoe;
			};
			name = Release;
		};
/* End XCBuildConfiguration section */

/* Begin XCConfigurationList section */
		4F973E892F58B0DD0054D9E3 /* Build configuration list for PBXProject "Zoe" */ = {
			isa = XCConfigurationList;
			buildConfigurations = (
				4F973EB52F58B0E00054D9E3 /* Debug */,
				4F973EB62F58B0E00054D9E3 /* Release */,
			);
			defaultConfigurationIsVisible = 0;
			defaultConfigurationName = Release;
		};
		4F973EB22F58B0E00054D9E3 /* Build configuration list for PBXNativeTarget "zoe" */ = {
			isa = XCConfigurationList;
			buildConfigurations = (
				4F973EB32F58B0E00054D9E3 /* Debug */,
				4F973EB42F58B0E00054D9E3 /* Release */,
			);
			defaultConfigurationIsVisible = 0;
			defaultConfigurationName = Release;
		};
		4F973EB72F58B0E00054D9E3 /* Build configuration list for PBXNativeTarget "zoeTests" */ = {
			isa = XCConfigurationList;
			buildConfigurations = (
				4F973EB82F58B0E00054D9E3 /* Debug */,
				4F973EB92F58B0E00054D9E3 /* Release */,
			);
			defaultConfigurationIsVisible = 0;
			defaultConfigurationName = Release;
		};
		4F973EBA2F58B0E00054D9E3 /* Build configuration list for PBXNativeTarget "zoeUITests" */ = {
			isa = XCConfigurationList;
			buildConfigurations = (
				4F973EBB2F58B0E00054D9E3 /* Debug */,
				4F973EBC2F58B0E00054D9E3 /* Release */,
			);
			defaultConfigurationIsVisible = 0;
			defaultConfigurationName = Release;
		};
/* End XCConfigurationList section */
	};
	rootObject = 4F973E862F58B0DD0054D9E3 /* Project object */;
}
